{
  "name": "font-awesome-loader",
  "version": "1.0.0",
  "lockfileVersion": 3,
  "requires": true,
  "packages": {
    "": {
      "name": "font-awesome-loader",
      "version": "1.0.0",
      "hasInstallScript": true,
      "license": "ISC",
      "devDependencies": {
        "@fortawesome/fontawesome-pro": "^6.7.1"
      }
    },
    "node_modules/@fortawesome/fontawesome-pro": {
      "version": "6.7.1",
      "resolved": "https://npm.fontawesome.com/@fortawesome/fontawesome-pro/-/6.7.1/fontawesome-pro-6.7.1.tgz",
      "integrity": "sha512-PHm5vlwc721UVNyVr89O8r4EEANEdQifYrcnFa90zAiWbsX4aIMwAT6lLA4nfYOOLS3gRjnzl0HIAG1Ghyyy/g==",
      "dev": true,
      "license": "UNLICENSED",
      "engines": {
        "node": ">=6"
      }
    }
  }
}
